{
  "name": "whatelse_server",
  "lockfileVersion": 2,
  "requires": true,
  "packages": {
    "": {
      "dependencies": {
        "prisma": "^4.14.0"
      }
    },
    "node_modules/@prisma/engines": {
      "version": "4.14.0",
      "resolved": "https://mirrors.tencent.com/npm/@prisma%2fengines/-/engines-4.14.0.tgz",
      "integrity": "sha512-PDNlhP/1vyTgmNyiucGqGCdXIp7HIkkvKO50si3y3PcceeHvqtiKPaH1iJdz63jCWMVMbj2MElSxXPOeBvEVIQ==",
      "hasInstallScript": true,
      "license": "Apache-2.0"
    },
    "node_modules/prisma": {
      "version": "4.14.0",
      "resolved": "https://mirrors.tencent.com/npm/prisma/-/prisma-4.14.0.tgz",
      "integrity": "sha512-+5dMl1uxMQb4RepndY6AwR9xi1cDcaGFICu+ws6/Nmgt93mFPNj8tYxSfTdmfg+rkNrUId9rk/Ac2vTgLe/oXA==",
      "hasInstallScript": true,
      "license": "Apache-2.0",
      "dependencies": {
        "@prisma/engines": "4.14.0"
      },
      "bin": {
        "prisma": "build/index.js",
        "prisma2": "build/index.js"
      },
      "engines": {
        "node": ">=14.17"
      }
    }
  },
  "dependencies": {
    "@prisma/engines": {
      "version": "4.14.0",
      "resolved": "https://mirrors.tencent.com/npm/@prisma%2fengines/-/engines-4.14.0.tgz",
      "integrity": "sha512-PDNlhP/1vyTgmNyiucGqGCdXIp7HIkkvKO50si3y3PcceeHvqtiKPaH1iJdz63jCWMVMbj2MElSxXPOeBvEVIQ=="
    },
    "prisma": {
      "version": "4.14.0",
      "resolved": "https://mirrors.tencent.com/npm/prisma/-/prisma-4.14.0.tgz",
      "integrity": "sha512-+5dMl1uxMQb4RepndY6AwR9xi1cDcaGFICu+ws6/Nmgt93mFPNj8tYxSfTdmfg+rkNrUId9rk/Ac2vTgLe/oXA==",
      "requires": {
        "@prisma/engines": "4.14.0"
      }
    }
  }
}
